version = 1
revision = 3
requires-python = ">=3.12"

[[package]]
name = "astroid"
version = "4.0.4"
source = { registry = "https://pypi.org/simple" }
sdist = { url = "https://files.pythonhosted.org/packages/07/63/0adf26577da5eff6eb7a177876c1cfa213856be9926a000f65c4add9692b/astroid-4.0.4.tar.gz", hash = "sha256:986fed8bcf79fb82c78b18a53352a0b287a73817d6dbcfba3162da36667c49a0", size = 406358, upload-time = "2026-02-07T23:35:07.509Z" }
wheels = [
    { url = "https://files.pythonhosted.org/packages/b0/cf/1c5f42b110e57bc5502eb80dbc3b03d256926062519224835ef08134f1f9/astroid-4.0.4-py3-none-any.whl", hash = "sha256:52f39653876c7dec3e3afd4c2696920e05c83832b9737afc21928f2d2eb7a753", size = 276445, upload-time = "2026-02-07T23:35:05.344Z" },
]

[[package]]
name = "beautifulsoup4"
version = "4.14.3"
source = { registry = "https://pypi.org/simple" }
dependencies = [
    { name = "soupsieve" },
    { name = "typing-extensions" },
]
sdist = { url = "https://files.pythonhosted.org/packages/c3/b0/1c6a16426d389813b48d95e26898aff79abbde42ad353958ad95cc8c9b21/beautifulsoup4-4.14.3.tar.gz", hash = "sha256:6292b1c5186d356bba669ef9f7f051757099565ad9ada5dd630bd9de5fa7fb86", size = 627737, upload-time = "2025-11-30T15:08:26.084Z" }
wheels = [
    { url = "https://files.pythonhosted.org/packages/1a/39/47f9197bdd44df24d67ac8893641e16f386c984a0619ef2ee4c51fbbc019/beautifulsoup4-4.14.3-py3-none-any.whl", hash = "sha256:0918bfe44902e6ad8d57732ba310582e98da931428d231a5ecb9e7c703a735bb", size = 107721, upload-time = "2025-11-30T15:08:24.087Z" },
]

[[package]]
name = "colorama"
version = "0.4.6"
source = { registry = "https://pypi.org/simple" }
sdist = { url = "https://files.pythonhosted.org/packages/d8/53/6f443c9a4a8358a93a6792e2acffb9d9d5cb0a5cfd8802644b7b1c9a02e4/colorama-0.4.6.tar.gz", hash = "sha256:08695f5cb7ed6e0531a20572697297273c47b8cae5a63ffc6d6ed5c201be6e44", size = 27697, upload-time = "2022-10-25T02:36:22.414Z" }
wheels = [
    { url = "https://files.pythonhosted.org/packages/d1/d6/3965ed04c63042e047cb6a3e6ed1a63a35087b6a609aa3a15ed8ac56c221/colorama-0.4.6-py2.py3-none-any.whl", hash = "sha256:4f1d9991f5acc0ca119f9d443620b77f9d6b33703e51011c16baf57afb285fc6", size = 25335, upload-time = "2022-10-25T02:36:20.889Z" },
]

[[package]]
name = "dill"
version = "0.4.1"
source = { registry = "https://pypi.org/simple" }
sdist = { url = "https://files.pythonhosted.org/packages/81/e1/56027a71e31b02ddc53c7d65b01e68edf64dea2932122fe7746a516f75d5/dill-0.4.1.tar.gz", hash = "sha256:423092df4182177d4d8ba8290c8a5b640c66ab35ec7da59ccfa00f6fa3eea5fa", size = 187315, upload-time = "2026-01-19T02:36:56.85Z" }
wheels = [
    { url = "https://files.pythonhosted.org/packages/1e/77/dc8c558f7593132cf8fefec57c4f60c83b16941c574ac5f619abb3ae7933/dill-0.4.1-py3-none-any.whl", hash = "sha256:1e1ce33e978ae97fcfcff5638477032b801c46c7c65cf717f95fbc2248f79a9d", size = 120019, upload-time = "2026-01-19T02:36:55.663Z" },
]

[[package]]
name = "isort"
version = "8.0.1"
source = { registry = "https://pypi.org/simple" }
sdist = { url = "https://files.pythonhosted.org/packages/ef/7c/ec4ab396d31b3b395e2e999c8f46dec78c5e29209fac49d1f4dace04041d/isort-8.0.1.tar.gz", hash = "sha256:171ac4ff559cdc060bcfff550bc8404a486fee0caab245679c2abe7cb253c78d", size = 769592, upload-time = "2026-02-28T10:08:20.685Z" }
wheels = [
    { url = "https://files.pythonhosted.org/packages/3e/95/c7c34aa53c16353c56d0b802fba48d5f5caa2cdee7958acbcb795c830416/isort-8.0.1-py3-none-any.whl", hash = "sha256:28b89bc70f751b559aeca209e6120393d43fbe2490de0559662be7a9787e3d75", size = 89733, upload-time = "2026-02-28T10:08:19.466Z" },
]

[[package]]
name = "mccabe"
version = "0.7.0"
source = { registry = "https://pypi.org/simple" }
sdist = { url = "https://files.pythonhosted.org/packages/e7/ff/0ffefdcac38932a54d2b5eed4e0ba8a408f215002cd178ad1df0f2806ff8/mccabe-0.7.0.tar.gz", hash = "sha256:348e0240c33b60bbdf4e523192ef919f28cb2c3d7d5c7794f74009290f236325", size = 9658, upload-time = "2022-01-24T01:14:51.113Z" }
wheels = [
    { url = "https://files.pythonhosted.org/packages/27/1a/1f68f9ba0c207934b35b86a8ca3aad8395a3d6dd7921c0686e23853ff5a9/mccabe-0.7.0-py2.py3-none-any.whl", hash = "sha256:6c2d30ab6be0e4a46919781807b4f0d834ebdd6c6e3dca0bda5a15f863427b6e", size = 7350, upload-time = "2022-01-24T01:14:49.62Z" },
]

[[package]]
name = "platformdirs"
version = "4.9.4"
source = { registry = "https://pypi.org/simple" }
sdist = { url = "https://files.pythonhosted.org/packages/19/56/8d4c30c8a1d07013911a8fdbd8f89440ef9f08d07a1b50ab8ca8be5a20f9/platformdirs-4.9.4.tar.gz", hash = "sha256:1ec356301b7dc906d83f371c8f487070e99d3ccf9e501686456394622a01a934", size = 28737, upload-time = "2026-03-05T18:34:13.271Z" }
wheels = [
    { url = "https://files.pythonhosted.org/packages/63/d7/97f7e3a6abb67d8080dd406fd4df842c2be0efaf712d1c899c32a075027c/platformdirs-4.9.4-py3-none-any.whl", hash = "sha256:68a9a4619a666ea6439f2ff250c12a853cd1cbd5158d258bd824a7df6be2f868", size = 21216, upload-time = "2026-03-05T18:34:12.172Z" },
]

[[package]]
name = "pylint"
version = "4.0.5"
source = { registry = "https://pypi.org/simple" }
dependencies = [
    { name = "astroid" },
    { name = "colorama", marker = "sys_platform == 'win32'" },
    { name = "dill" },
    { name = "isort" },
    { name = "mccabe" },
    { name = "platformdirs" },
    { name = "tomlkit" },
]
sdist = { url = "https://files.pythonhosted.org/packages/e4/b6/74d9a8a68b8067efce8d07707fe6a236324ee1e7808d2eb3646ec8517c7d/pylint-4.0.5.tar.gz", hash = "sha256:8cd6a618df75deb013bd7eb98327a95f02a6fb839205a6bbf5456ef96afb317c", size = 1572474, upload-time = "2026-02-20T09:07:33.621Z" }
wheels = [
    { url = "https://files.pythonhosted.org/packages/d5/6f/9ac2548e290764781f9e7e2aaf0685b086379dabfb29ca38536985471eaf/pylint-4.0.5-py3-none-any.whl", hash = "sha256:00f51c9b14a3b3ae08cff6b2cdd43f28165c78b165b628692e428fb1f8dc2cf2", size = 536694, upload-time = "2026-02-20T09:07:31.028Z" },
]

[[package]]
name = "pymupdf"
version = "1.27.2"
source = { registry = "https://pypi.org/simple" }
sdist = { url = "https://files.pythonhosted.org/packages/a4/fb/d80374ab091ab7ad5a5e7981a45c877ae094db668c1ab4d30f1109a4ec6a/pymupdf-1.27.2.tar.gz", hash = "sha256:37fc9cedeafb40839f86a074d4d9feab725144bdd4bbfd20308ff8957e2b10af", size = 85353104, upload-time = "2026-03-10T12:53:01.697Z" }
wheels = [
    { url = "https://files.pythonhosted.org/packages/98/ee/2c10b6bde83ee42f5150b690ace952a802a7e632776dadd42bbfe5b68601/pymupdf-1.27.2-cp310-abi3-macosx_10_9_x86_64.whl", hash = "sha256:a60ff9010d7025428e31d92ac2c9b4218c7c4844409d0b31a050565ea0a955fd", size = 23987468, upload-time = "2026-03-10T12:37:06.593Z" },
    { url = "https://files.pythonhosted.org/packages/44/06/c8cc8c8ade83f5a75ac0f543edc2bc3c52d8c38c1d55d1e0713558258540/pymupdf-1.27.2-cp310-abi3-macosx_11_0_arm64.whl", hash = "sha256:5095efb242cfe1c46fec1c864a13f000098564829c98366582dde7ad9e61aa32", size = 23262964, upload-time = "2026-03-10T12:37:23.915Z" },
    { url = "https://files.pythonhosted.org/packages/1a/8e/df2ab91a680a77c82bc4501cdca60767b3758d75552e4d2849647a16cbc0/pymupdf-1.27.2-cp310-abi3-manylinux_2_28_aarch64.whl", hash = "sha256:1081235fcfad268d801cd73a7b69c629939e2c46ed4d97035cb1bb7b5b90dc54", size = 24318675, upload-time = "2026-03-10T12:37:42.249Z" },
    { url = "https://files.pythonhosted.org/packages/ab/56/c6c16fa2dcfe2476ec28a9aaaca773dc35c593699e81e573211c91442770/pymupdf-1.27.2-cp310-abi3-manylinux_2_28_x86_64.whl", hash = "sha256:917f4dd52daea504d5c60e1430c17d637b5014a43e66d068b4b356effe087dba", size = 24947974, upload-time = "2026-03-10T12:38:00.779Z" },
    { url = "https://files.pythonhosted.org/packages/7b/4f/1659f1d80b5d2f5aad134c2ca63894c63daf47a3ffb7e18987fe25e49097/pymupdf-1.27.2-cp310-abi3-musllinux_1_2_x86_64.whl", hash = "sha256:9617d5e71c334937c804544fa201946c5f73d0a97b5842b96857bdabfefbc343", size = 25169417, upload-time = "2026-03-10T12:38:18.912Z" },
    { url = "https://files.pythonhosted.org/packages/05/23/e34d704f7242885dd1d67cfbe1040051a04b4b7e2cf1cbd27af9bd4500a3/pymupdf-1.27.2-cp310-abi3-win32.whl", hash = "sha256:6deef49e06c9a5d8670bf5835a911ab887dac4b3ed4bd60ab7d93da6aa8ff6f1", size = 18008725, upload-time = "2026-03-10T12:38:31.915Z" },
    { url = "https://files.pythonhosted.org/packages/f5/fb/a3f1f8813f6e93c65d1f7ebca6530a889f1ae109229b537f7a617b2aab57/pymupdf-1.27.2-cp310-abi3-win_amd64.whl", hash = "sha256:acdfdb7329882246545a0f6bc85f91739e2773ed81f9301c1687cffb826470f3", size = 19237944, upload-time = "2026-03-10T12:38:45.603Z" },
    { url = "https://files.pythonhosted.org/packages/e6/a4/e9257882f0569a21d51207a58f7586a799e76dc6b4008029a04f2329194c/pymupdf-1.27.2-cp314-cp314t-manylinux_2_28_x86_64.whl", hash = "sha256:261c916915cede4c546559810d3210277f86f31b52dd3de138f1e12d95a4c6b6", size = 24985149, upload-time = "2026-03-10T12:39:02.636Z" },
]

[[package]]
name = "rbc-statement-parser"
version = "0.0.0"
source = { editable = "." }
dependencies = [
    { name = "beautifulsoup4" },
    { name = "pymupdf" },
]

[package.dev-dependencies]
dev = [
    { name = "pylint" },
]

[package.metadata]
requires-dist = [
    { name = "beautifulsoup4" },
    { name = "pymupdf" },
]

[package.metadata.requires-dev]
dev = [{ name = "pylint" }]

[[package]]
name = "soupsieve"
version = "2.8.3"
source = { registry = "https://pypi.org/simple" }
sdist = { url = "https://files.pythonhosted.org/packages/7b/ae/2d9c981590ed9999a0d91755b47fc74f74de286b0f5cee14c9269041e6c4/soupsieve-2.8.3.tar.gz", hash = "sha256:3267f1eeea4251fb42728b6dfb746edc9acaffc4a45b27e19450b676586e8349", size = 118627, upload-time = "2026-01-20T04:27:02.457Z" }
wheels = [
    { url = "https://files.pythonhosted.org/packages/46/2c/1462b1d0a634697ae9e55b3cecdcb64788e8b7d63f54d923fcd0bb140aed/soupsieve-2.8.3-py3-none-any.whl", hash = "sha256:ed64f2ba4eebeab06cc4962affce381647455978ffc1e36bb79a545b91f45a95", size = 37016, upload-time = "2026-01-20T04:27:01.012Z" },
]

[[package]]
name = "tomlkit"
version = "0.14.0"
source = { registry = "https://pypi.org/simple" }
sdist = { url = "https://files.pythonhosted.org/packages/c3/af/14b24e41977adb296d6bd1fb59402cf7d60ce364f90c890bd2ec65c43b5a/tomlkit-0.14.0.tar.gz", hash = "sha256:cf00efca415dbd57575befb1f6634c4f42d2d87dbba376128adb42c121b87064", size = 187167, upload-time = "2026-01-13T01:14:53.304Z" }
wheels = [
    { url = "https://files.pythonhosted.org/packages/b5/11/87d6d29fb5d237229d67973a6c9e06e048f01cf4994dee194ab0ea841814/tomlkit-0.14.0-py3-none-any.whl", hash = "sha256:592064ed85b40fa213469f81ac584f67a4f2992509a7c3ea2d632208623a3680", size = 39310, upload-time = "2026-01-13T01:14:51.965Z" },
]

[[package]]
name = "typing-extensions"
version = "4.15.0"
source = { registry = "https://pypi.org/simple" }
sdist = { url = "https://files.pythonhosted.org/packages/72/94/1a15dd82efb362ac84269196e94cf00f187f7ed21c242792a923cdb1c61f/typing_extensions-4.15.0.tar.gz", hash = "sha256:0cea48d173cc12fa28ecabc3b837ea3cf6f38c6d1136f85cbaaf598984861466", size = 109391, upload-time = "2025-08-25T13:49:26.313Z" }
wheels = [
    { url = "https://files.pythonhosted.org/packages/18/67/36e9267722cc04a6b9f15c7f3441c2363321a3ea07da7ae0c0707beb2a9c/typing_extensions-4.15.0-py3-none-any.whl", hash = "sha256:f0fa19c6845758ab08074a0cfa8b7aecb71c999ca73d62883bc25cc018c4e548", size = 44614, upload-time = "2025-08-25T13:49:24.86Z" },
]
